
Microsoft Visual Studio Solution File, Format Version 12.00
# Visual Studio Version 17
VisualStudioVersion = 17.3.32819.101
MinimumVisualStudioVersion = 10.0.40219.1
Project("{FAE04EC0-301F-11D3-BF4B-00C04F79EFBC}") = "NotebookApp", "NotebookApp\NotebookApp.csproj", "{9FECFB88-035B-47E2-954D-62EED7197BEE}"
EndProject
Project("{FAE04EC0-301F-11D3-BF4B-00C04F79EFBC}") = "TestsProject", "TestsProject\TestsProject.csproj", "{FEFAA364-20A5-457D-8385-C948BFFC334D}"
EndProject
Project("{FAE04EC0-301F-11D3-BF4B-00C04F79EFBC}") = "BusinessAndDataProject", "BusinessAndDataProject\BusinessAndDataProject.csproj", "{6A250C3B-FFDC-45AA-A9E6-A1E45E29B8EA}"
EndProject
Global
	GlobalSection(SolutionConfigurationPlatforms) = preSolution
		Debug|Any CPU = Debug|Any CPU
		Release|Any CPU = Release|Any CPU
	EndGlobalSection
	GlobalSection(ProjectConfigurationPlatforms) = postSolution
		{9FECFB88-035B-47E2-954D-62EED7197BEE}.Debug|Any CPU.ActiveCfg = Debug|Any CPU
		{9FECFB88-035B-47E2-954D-62EED7197BEE}.Debug|Any CPU.Build.0 = Debug|Any CPU
		{9FECFB88-035B-47E2-954D-62EED7197BEE}.Release|Any CPU.ActiveCfg = Release|Any CPU
		{9FECFB88-035B-47E2-954D-62EED7197BEE}.Release|Any CPU.Build.0 = Release|Any CPU
		{FEFAA364-20A5-457D-8385-C948BFFC334D}.Debug|Any CPU.ActiveCfg = Debug|Any CPU
		{FEFAA364-20A5-457D-8385-C948BFFC334D}.Debug|Any CPU.Build.0 = Debug|Any CPU
		{FEFAA364-20A5-457D-8385-C948BFFC334D}.Release|Any CPU.ActiveCfg = Release|Any CPU
		{FEFAA364-20A5-457D-8385-C948BFFC334D}.Release|Any CPU.Build.0 = Release|Any CPU
		{6A250C3B-FFDC-45AA-A9E6-A1E45E29B8EA}.Debug|Any CPU.ActiveCfg = Debug|Any CPU
		{6A250C3B-FFDC-45AA-A9E6-A1E45E29B8EA}.Debug|Any CPU.Build.0 = Debug|Any CPU
		{6A250C3B-FFDC-45AA-A9E6-A1E45E29B8EA}.Release|Any CPU.ActiveCfg = Release|Any CPU
		{6A250C3B-FFDC-45AA-A9E6-A1E45E29B8EA}.Release|Any CPU.Build.0 = Release|Any CPU
	EndGlobalSection
	GlobalSection(SolutionProperties) = preSolution
		HideSolutionNode = FALSE
	EndGlobalSection
	GlobalSection(ExtensibilityGlobals) = postSolution
		SolutionGuid = {07EA13B5-66B9-4BC6-8D34-D83428C3236C}
	EndGlobalSection
EndGlobal
